<?xml version="1.0" encoding="utf-8"?>
<Project ToolsVersion="15.0" xmlns="http://schemas.microsoft.com/developer/msbuild/2003">
  <ItemGroup>
    <ClCompile Include="D:\Projects\DS\DS\Tools\XLua-build\lua-5.3.5\src\lapi.c">
      <Filter>lua-5.3.5\src</Filter>
    </ClCompile>
    <ClCompile Include="D:\Projects\DS\DS\Tools\XLua-build\lua-5.3.5\src\lcode.c">
      <Filter>lua-5.3.5\src</Filter>
    </ClCompile>
    <ClCompile Include="D:\Projects\DS\DS\Tools\XLua-build\lua-5.3.5\src\lctype.c">
      <Filter>lua-5.3.5\src</Filter>
    </ClCompile>
    <ClCompile Include="D:\Projects\DS\DS\Tools\XLua-build\lua-5.3.5\src\ldebug.c">
      <Filter>lua-5.3.5\src</Filter>
    </ClCompile>
    <ClCompile Include="D:\Projects\DS\DS\Tools\XLua-build\lua-5.3.5\src\ldo.c">
      <Filter>lua-5.3.5\src</Filter>
    </ClCompile>
    <ClCompile Include="D:\Projects\DS\DS\Tools\XLua-build\lua-5.3.5\src\ldump.c">
      <Filter>lua-5.3.5\src</Filter>
    </ClCompile>
    <ClCompile Include="D:\Projects\DS\DS\Tools\XLua-build\lua-5.3.5\src\lfunc.c">
      <Filter>lua-5.3.5\src</Filter>
    </ClCompile>
    <ClCompile Include="D:\Projects\DS\DS\Tools\XLua-build\lua-5.3.5\src\lgc.c">
      <Filter>lua-5.3.5\src</Filter>
    </ClCompile>
    <ClCompile Include="D:\Projects\DS\DS\Tools\XLua-build\lua-5.3.5\src\llex.c">
      <Filter>lua-5.3.5\src</Filter>
    </ClCompile>
    <ClCompile Include="D:\Projects\DS\DS\Tools\XLua-build\lua-5.3.5\src\lmem.c">
      <Filter>lua-5.3.5\src</Filter>
    </ClCompile>
    <ClCompile Include="D:\Projects\DS\DS\Tools\XLua-build\lua-5.3.5\src\lobject.c">
      <Filter>lua-5.3.5\src</Filter>
    </ClCompile>
    <ClCompile Include="D:\Projects\DS\DS\Tools\XLua-build\lua-5.3.5\src\lopcodes.c">
      <Filter>lua-5.3.5\src</Filter>
    </ClCompile>
    <ClCompile Include="D:\Projects\DS\DS\Tools\XLua-build\lua-5.3.5\src\lparser.c">
      <Filter>lua-5.3.5\src</Filter>
    </ClCompile>
    <ClCompile Include="D:\Projects\DS\DS\Tools\XLua-build\lua-5.3.5\src\lstate.c">
      <Filter>lua-5.3.5\src</Filter>
    </ClCompile>
    <ClCompile Include="D:\Projects\DS\DS\Tools\XLua-build\lua-5.3.5\src\lstring.c">
      <Filter>lua-5.3.5\src</Filter>
    </ClCompile>
    <ClCompile Include="D:\Projects\DS\DS\Tools\XLua-build\lua-5.3.5\src\ltable.c">
      <Filter>lua-5.3.5\src</Filter>
    </ClCompile>
    <ClCompile Include="D:\Projects\DS\DS\Tools\XLua-build\lua-5.3.5\src\ltm.c">
      <Filter>lua-5.3.5\src</Filter>
    </ClCompile>
    <ClCompile Include="D:\Projects\DS\DS\Tools\XLua-build\lua-5.3.5\src\lundump.c">
      <Filter>lua-5.3.5\src</Filter>
    </ClCompile>
    <ClCompile Include="D:\Projects\DS\DS\Tools\XLua-build\lua-5.3.5\src\lvm.c">
      <Filter>lua-5.3.5\src</Filter>
    </ClCompile>
    <ClCompile Include="D:\Projects\DS\DS\Tools\XLua-build\lua-5.3.5\src\lzio.c">
      <Filter>lua-5.3.5\src</Filter>
    </ClCompile>
    <ClCompile Include="D:\Projects\DS\DS\Tools\XLua-build\lua-5.3.5\src\lauxlib.c">
      <Filter>lua-5.3.5\src</Filter>
    </ClCompile>
    <ClCompile Include="D:\Projects\DS\DS\Tools\XLua-build\lua-5.3.5\src\lbaselib.c">
      <Filter>lua-5.3.5\src</Filter>
    </ClCompile>
    <ClCompile Include="D:\Projects\DS\DS\Tools\XLua-build\lua-5.3.5\src\lbitlib.c">
      <Filter>lua-5.3.5\src</Filter>
    </ClCompile>
    <ClCompile Include="D:\Projects\DS\DS\Tools\XLua-build\lua-5.3.5\src\lcorolib.c">
      <Filter>lua-5.3.5\src</Filter>
    </ClCompile>
    <ClCompile Include="D:\Projects\DS\DS\Tools\XLua-build\lua-5.3.5\src\ldblib.c">
      <Filter>lua-5.3.5\src</Filter>
    </ClCompile>
    <ClCompile Include="D:\Projects\DS\DS\Tools\XLua-build\lua-5.3.5\src\liolib.c">
      <Filter>lua-5.3.5\src</Filter>
    </ClCompile>
    <ClCompile Include="D:\Projects\DS\DS\Tools\XLua-build\lua-5.3.5\src\lmathlib.c">
      <Filter>lua-5.3.5\src</Filter>
    </ClCompile>
    <ClCompile Include="D:\Projects\DS\DS\Tools\XLua-build\lua-5.3.5\src\loslib.c">
      <Filter>lua-5.3.5\src</Filter>
    </ClCompile>
    <ClCompile Include="D:\Projects\DS\DS\Tools\XLua-build\lua-5.3.5\src\lstrlib.c">
      <Filter>lua-5.3.5\src</Filter>
    </ClCompile>
    <ClCompile Include="D:\Projects\DS\DS\Tools\XLua-build\lua-5.3.5\src\ltablib.c">
      <Filter>lua-5.3.5\src</Filter>
    </ClCompile>
    <ClCompile Include="D:\Projects\DS\DS\Tools\XLua-build\lua-5.3.5\src\linit.c">
      <Filter>lua-5.3.5\src</Filter>
    </ClCompile>
    <ClCompile Include="D:\Projects\DS\DS\Tools\XLua-build\lua-5.3.5\src\lutf8lib.c">
      <Filter>lua-5.3.5\src</Filter>
    </ClCompile>
    <ClCompile Include="D:\Projects\DS\DS\Tools\XLua-build\lua-5.3.5\src\loadlib.c">
      <Filter>lua-5.3.5\src</Filter>
    </ClCompile>
    <ClCompile Include="D:\Projects\DS\DS\Tools\XLua-build\luasocket\auxiliar.c">
      <Filter>luasocket</Filter>
    </ClCompile>
    <ClCompile Include="D:\Projects\DS\DS\Tools\XLua-build\luasocket\buffer.c">
      <Filter>luasocket</Filter>
    </ClCompile>
    <ClCompile Include="D:\Projects\DS\DS\Tools\XLua-build\luasocket\except.c">
      <Filter>luasocket</Filter>
    </ClCompile>
    <ClCompile Include="D:\Projects\DS\DS\Tools\XLua-build\luasocket\inet.c">
      <Filter>luasocket</Filter>
    </ClCompile>
    <ClCompile Include="D:\Projects\DS\DS\Tools\XLua-build\luasocket\io.c">
      <Filter>luasocket</Filter>
    </ClCompile>
    <ClCompile Include="D:\Projects\DS\DS\Tools\XLua-build\luasocket\luasocket.c">
      <Filter>luasocket</Filter>
    </ClCompile>
    <ClCompile Include="D:\Projects\DS\DS\Tools\XLua-build\luasocket\mime.c">
      <Filter>luasocket</Filter>
    </ClCompile>
    <ClCompile Include="D:\Projects\DS\DS\Tools\XLua-build\luasocket\options.c">
      <Filter>luasocket</Filter>
    </ClCompile>
    <ClCompile Include="D:\Projects\DS\DS\Tools\XLua-build\luasocket\select.c">
      <Filter>luasocket</Filter>
    </ClCompile>
    <ClCompile Include="D:\Projects\DS\DS\Tools\XLua-build\luasocket\tcp.c">
      <Filter>luasocket</Filter>
    </ClCompile>
    <ClCompile Include="D:\Projects\DS\DS\Tools\XLua-build\luasocket\timeout.c">
      <Filter>luasocket</Filter>
    </ClCompile>
    <ClCompile Include="D:\Projects\DS\DS\Tools\XLua-build\luasocket\udp.c">
      <Filter>luasocket</Filter>
    </ClCompile>
    <ClCompile Include="D:\Projects\DS\DS\Tools\XLua-build\luasocket\wsocket.c">
      <Filter>luasocket</Filter>
    </ClCompile>
    <ClCompile Include="D:\Projects\DS\DS\Tools\XLua-build\i64lib.c" />
    <ClCompile Include="D:\Projects\DS\DS\Tools\XLua-build\perflib.c" />
    <ClCompile Include="D:\Projects\DS\DS\Tools\XLua-build\xlua.c" />
    <ClCompile Include="D:\Projects\DS\DS\Tools\XLua-build\memory_leak_checker.c" />
  </ItemGroup>
  <ItemGroup>
    <CustomBuild Include="D:\Projects\DS\DS\Tools\XLua-build\CMakeLists.txt" />
  </ItemGroup>
  <ItemGroup>
    <Filter Include="lua-5.3.5">
      <UniqueIdentifier>{97DDBE23-EFB7-35F1-8C11-22E210D96D0A}</UniqueIdentifier>
    </Filter>
    <Filter Include="lua-5.3.5\src">
      <UniqueIdentifier>{D7E4C2FC-8D8E-36EB-A211-94FB25F7942B}</UniqueIdentifier>
    </Filter>
    <Filter Include="luasocket">
      <UniqueIdentifier>{DAA6C4EC-9F2F-3F7D-8DEC-DB6429BE16E5}</UniqueIdentifier>
    </Filter>
  </ItemGroup>
</Project>
