Microsoft Visual Studio Solution File, Format Version 12.00
# Visual Studio 15
Project("{8BC9CEB8-8B4A-11D0-8D11-00A0C91BC942}") = "ALL_BUILD", "ALL_BUILD.vcxproj", "{3D9BB052-1844-34DA-94D7-541A9A27CE55}"
	ProjectSection(ProjectDependencies) = postProject
		{BC1E0182-D268-3F08-B650-793EB2E1DDA4} = {BC1E0182-D268-3F08-B650-793EB2E1DDA4}
		{A86A37D2-FA4A-38B3-91C7-2BBA1D1959D1} = {A86A37D2-FA4A-38B3-91C7-2BBA1D1959D1}
	EndProjectSection
EndProject
Project("{8BC9CEB8-8B4A-11D0-8D11-00A0C91BC942}") = "ZERO_CHECK", "ZERO_CHECK.vcxproj", "{BC1E0182-D268-3F08-B650-793EB2E1DDA4}"
	ProjectSection(ProjectDependencies) = postProject
	EndProjectSection
EndProject
Project("{8BC9CEB8-8B4A-11D0-8D11-00A0C91BC942}") = "xlua", "xlua.vcxproj", "{A86A37D2-FA4A-38B3-91C7-2BBA1D1959D1}"
	ProjectSection(ProjectDependencies) = postProject
		{BC1E0182-D268-3F08-B650-793EB2E1DDA4} = {BC1E0182-D268-3F08-B650-793EB2E1DDA4}
	EndProjectSection
EndProject
Global
	GlobalSection(SolutionConfigurationPlatforms) = preSolution
		Debug|x64 = Debug|x64
		Release|x64 = Release|x64
		MinSizeRel|x64 = MinSizeRel|x64
		RelWithDebInfo|x64 = RelWithDebInfo|x64
	EndGlobalSection
	GlobalSection(ProjectConfigurationPlatforms) = postSolution
		{3D9BB052-1844-34DA-94D7-541A9A27CE55}.Debug|x64.ActiveCfg = Debug|x64
		{3D9BB052-1844-34DA-94D7-541A9A27CE55}.Release|x64.ActiveCfg = Release|x64
		{3D9BB052-1844-34DA-94D7-541A9A27CE55}.MinSizeRel|x64.ActiveCfg = MinSizeRel|x64
		{3D9BB052-1844-34DA-94D7-541A9A27CE55}.RelWithDebInfo|x64.ActiveCfg = RelWithDebInfo|x64
		{BC1E0182-D268-3F08-B650-793EB2E1DDA4}.Debug|x64.ActiveCfg = Debug|x64
		{BC1E0182-D268-3F08-B650-793EB2E1DDA4}.Debug|x64.Build.0 = Debug|x64
		{BC1E0182-D268-3F08-B650-793EB2E1DDA4}.Release|x64.ActiveCfg = Release|x64
		{BC1E0182-D268-3F08-B650-793EB2E1DDA4}.Release|x64.Build.0 = Release|x64
		{BC1E0182-D268-3F08-B650-793EB2E1DDA4}.MinSizeRel|x64.ActiveCfg = MinSizeRel|x64
		{BC1E0182-D268-3F08-B650-793EB2E1DDA4}.MinSizeRel|x64.Build.0 = MinSizeRel|x64
		{BC1E0182-D268-3F08-B650-793EB2E1DDA4}.RelWithDebInfo|x64.ActiveCfg = RelWithDebInfo|x64
		{BC1E0182-D268-3F08-B650-793EB2E1DDA4}.RelWithDebInfo|x64.Build.0 = RelWithDebInfo|x64
		{A86A37D2-FA4A-38B3-91C7-2BBA1D1959D1}.Debug|x64.ActiveCfg = Debug|x64
		{A86A37D2-FA4A-38B3-91C7-2BBA1D1959D1}.Debug|x64.Build.0 = Debug|x64
		{A86A37D2-FA4A-38B3-91C7-2BBA1D1959D1}.Release|x64.ActiveCfg = Release|x64
		{A86A37D2-FA4A-38B3-91C7-2BBA1D1959D1}.Release|x64.Build.0 = Release|x64
		{A86A37D2-FA4A-38B3-91C7-2BBA1D1959D1}.MinSizeRel|x64.ActiveCfg = MinSizeRel|x64
		{A86A37D2-FA4A-38B3-91C7-2BBA1D1959D1}.MinSizeRel|x64.Build.0 = MinSizeRel|x64
		{A86A37D2-FA4A-38B3-91C7-2BBA1D1959D1}.RelWithDebInfo|x64.ActiveCfg = RelWithDebInfo|x64
		{A86A37D2-FA4A-38B3-91C7-2BBA1D1959D1}.RelWithDebInfo|x64.Build.0 = RelWithDebInfo|x64
	EndGlobalSection
	GlobalSection(ExtensibilityGlobals) = postSolution
		SolutionGuid = {D229E9CB-5966-3514-9F65-E15922624CF0}
	EndGlobalSection
	GlobalSection(ExtensibilityAddIns) = postSolution
	EndGlobalSection
EndGlobal
